
Microsoft Visual Studio Solution File, Format Version 12.00
# Visual Studio Version 17
VisualStudioVersion = 17.9.34607.119
MinimumVisualStudioVersion = 10.0.40219.1
Project("{FAE04EC0-301F-11D3-BF4B-00C04F79EFBC}") = "BlazorWasmFromGithubPages", "BlazorWasmFromGithubPages\BlazorWasmFromGithubPages.csproj", "{8975FAFF-C88E-4BC8-9232-856400795E3C}"
EndProject
Global
	GlobalSection(SolutionConfigurationPlatforms) = preSolution
		Debug|Any CPU = Debug|Any CPU
		Release|Any CPU = Release|Any CPU
	EndGlobalSection
	GlobalSection(ProjectConfigurationPlatforms) = postSolution
		{8975FAFF-C88E-4BC8-9232-856400795E3C}.Debug|Any CPU.ActiveCfg = Debug|Any CPU
		{8975FAFF-C88E-4BC8-9232-856400795E3C}.Debug|Any CPU.Build.0 = Debug|Any CPU
		{8975FAFF-C88E-4BC8-9232-856400795E3C}.Release|Any CPU.ActiveCfg = Release|Any CPU
		{8975FAFF-C88E-4BC8-9232-856400795E3C}.Release|Any CPU.Build.0 = Release|Any CPU
	EndGlobalSection
	GlobalSection(SolutionProperties) = preSolution
		HideSolutionNode = FALSE
	EndGlobalSection
	GlobalSection(ExtensibilityGlobals) = postSolution
		SolutionGuid = {234054FA-8E4D-48D8-9210-98762036673B}
	EndGlobalSection
EndGlobal
